
Microsoft Visual Studio Solution File, Format Version 12.00
# Visual Studio Version 16
VisualStudioVersion = 16.0.32126.315
MinimumVisualStudioVersion = 10.0.40219.1
Project("{8BC9CEB8-8B4A-11D0-8D11-00A0C91BC942}") = "CH05", "CH05.vcxproj", "{EBF249AA-D31D-45DD-BBD8-B3F2AB27C922}"
EndProject
Global
	GlobalSection(SolutionConfigurationPlatforms) = preSolution
		Debug|x64 = Debug|x64
		Debug|x86 = Debug|x86
		Release|x64 = Release|x64
		Release|x86 = Release|x86
	EndGlobalSection
	GlobalSection(ProjectConfigurationPlatforms) = postSolution
		{EBF249AA-D31D-45DD-BBD8-B3F2AB27C922}.Debug|x64.ActiveCfg = Debug|x64
		{EBF249AA-D31D-45DD-BBD8-B3F2AB27C922}.Debug|x64.Build.0 = Debug|x64
		{EBF249AA-D31D-45DD-BBD8-B3F2AB27C922}.Debug|x86.ActiveCfg = Debug|Win32
		{EBF249AA-D31D-45DD-BBD8-B3F2AB27C922}.Debug|x86.Build.0 = Debug|Win32
		{EBF249AA-D31D-45DD-BBD8-B3F2AB27C922}.Release|x64.ActiveCfg = Release|x64
		{EBF249AA-D31D-45DD-BBD8-B3F2AB27C922}.Release|x64.Build.0 = Release|x64
		{EBF249AA-D31D-45DD-BBD8-B3F2AB27C922}.Release|x86.ActiveCfg = Release|Win32
		{EBF249AA-D31D-45DD-BBD8-B3F2AB27C922}.Release|x86.Build.0 = Release|Win32
	EndGlobalSection
	GlobalSection(SolutionProperties) = preSolution
		HideSolutionNode = FALSE
	EndGlobalSection
	GlobalSection(ExtensibilityGlobals) = postSolution
		SolutionGuid = {7873058A-93D0-4424-B90A-BB87F8D00BCC}
	EndGlobalSection
EndGlobal
