
Microsoft Visual Studio Solution File, Format Version 12.00
# Visual Studio Version 16
VisualStudioVersion = 16.0.32126.315
MinimumVisualStudioVersion = 10.0.40219.1
Project("{8BC9CEB8-8B4A-11D0-8D11-00A0C91BC942}") = "CH04", "CH04.vcxproj", "{A7CF1DB1-16CC-4E7B-A66D-3C3D5BD099D9}"
EndProject
Global
	GlobalSection(SolutionConfigurationPlatforms) = preSolution
		Debug|x64 = Debug|x64
		Debug|x86 = Debug|x86
		Release|x64 = Release|x64
		Release|x86 = Release|x86
	EndGlobalSection
	GlobalSection(ProjectConfigurationPlatforms) = postSolution
		{A7CF1DB1-16CC-4E7B-A66D-3C3D5BD099D9}.Debug|x64.ActiveCfg = Debug|x64
		{A7CF1DB1-16CC-4E7B-A66D-3C3D5BD099D9}.Debug|x64.Build.0 = Debug|x64
		{A7CF1DB1-16CC-4E7B-A66D-3C3D5BD099D9}.Debug|x86.ActiveCfg = Debug|Win32
		{A7CF1DB1-16CC-4E7B-A66D-3C3D5BD099D9}.Debug|x86.Build.0 = Debug|Win32
		{A7CF1DB1-16CC-4E7B-A66D-3C3D5BD099D9}.Release|x64.ActiveCfg = Release|x64
		{A7CF1DB1-16CC-4E7B-A66D-3C3D5BD099D9}.Release|x64.Build.0 = Release|x64
		{A7CF1DB1-16CC-4E7B-A66D-3C3D5BD099D9}.Release|x86.ActiveCfg = Release|Win32
		{A7CF1DB1-16CC-4E7B-A66D-3C3D5BD099D9}.Release|x86.Build.0 = Release|Win32
	EndGlobalSection
	GlobalSection(SolutionProperties) = preSolution
		HideSolutionNode = FALSE
	EndGlobalSection
	GlobalSection(ExtensibilityGlobals) = postSolution
		SolutionGuid = {4F27D59F-9930-4291-92EA-1F59EAD23299}
	EndGlobalSection
EndGlobal
